// !$*UTF8*$!
{
	archiveVersion = 1;
	classes = {
	};
	objectVersion = 50;
	objects = {

/* Begin PBXBuildFile section */
		74C198012653011B000DB795 /* AppDelegate.swift in Sources */ = {isa = PBXBuildFile; fileRef = 74C198002653011B000DB795 /* AppDelegate.swift */; };
		74C198032653011B000DB795 /* SceneDelegate.swift in Sources */ = {isa = PBXBuildFile; fileRef = 74C198022653011B000DB795 /* SceneDelegate.swift */; };
		74C198082653011B000DB795 /* Main.storyboard in Resources */ = {isa = PBXBuildFile; fileRef = 74C198062653011B000DB795 /* Main.storyboard */; };
		74C1980A2653011C000DB795 /* Assets.xcassets in Resources */ = {isa = PBXBuildFile; fileRef = 74C198092653011C000DB795 /* Assets.xcassets */; };
		74C1980D2653011C000DB795 /* LaunchScreen.storyboard in Resources */ = {isa = PBXBuildFile; fileRef = 74C1980B2653011C000DB795 /* LaunchScreen.storyboard */; };
		74C1982226530280000DB795 /* CalculatorViewController.swift in Sources */ = {isa = PBXBuildFile; fileRef = 74C1982126530280000DB795 /* CalculatorViewController.swift */; };
		74C1982626530659000DB795 /* TipButton.swift in Sources */ = {isa = PBXBuildFile; fileRef = 74C1982526530659000DB795 /* TipButton.swift */; };
		74C1982E265307E3000DB795 /* StyleGuide.swift in Sources */ = {isa = PBXBuildFile; fileRef = 74C1982D265307E3000DB795 /* StyleGuide.swift */; };
/* End PBXBuildFile section */

/* Begin PBXFileReference section */
		74C197FD2653011B000DB795 /* Calculator.app */ = {isa = PBXFileReference; explicitFileType = wrapper.application; includeInIndex = 0; path = Calculator.app; sourceTree = BUILT_PRODUCTS_DIR; };
		74C198002653011B000DB795 /* AppDelegate.swift */ = {isa = PBXFileReference; lastKnownFileType = sourcecode.swift; path = AppDelegate.swift; sourceTree = "<group>"; };
		74C198022653011B000DB795 /* SceneDelegate.swift */ = {isa = PBXFileReference; lastKnownFileType = sourcecode.swift; path = SceneDelegate.swift; sourceTree = "<group>"; };
		74C198072653011B000DB795 /* Base */ = {isa = PBXFileReference; lastKnownFileType = file.storyboard; name = Base; path = Base.lproj/Main.storyboard; sourceTree = "<group>"; };
		74C198092653011C000DB795 /* Assets.xcassets */ = {isa = PBXFileReference; lastKnownFileType = folder.assetcatalog; path = Assets.xcassets; sourceTree = "<group>"; };
		74C1980C2653011C000DB795 /* Base */ = {isa = PBXFileReference; lastKnownFileType = file.storyboard; name = Base; path = Base.lproj/LaunchScreen.storyboard; sourceTree = "<group>"; };
		74C1980E2653011C000DB795 /* Info.plist */ = {isa = PBXFileReference; lastKnownFileType = text.plist.xml; path = Info.plist; sourceTree = "<group>"; };
		74C1982126530280000DB795 /* CalculatorViewController.swift */ = {isa = PBXFileReference; lastKnownFileType = sourcecode.swift; path = CalculatorViewController.swift; sourceTree = "<group>"; };
		74C1982526530659000DB795 /* TipButton.swift */ = {isa = PBXFileReference; lastKnownFileType = sourcecode.swift; path = TipButton.swift; sourceTree = "<group>"; };
		74C1982D265307E3000DB795 /* StyleGuide.swift */ = {isa = PBXFileReference; lastKnownFileType = sourcecode.swift; path = StyleGuide.swift; sourceTree = "<group>"; };
/* End PBXFileReference section */

/* Begin PBXFrameworksBuildPhase section */
		74C197FA2653011B000DB795 /* Frameworks */ = {
			isa = PBXFrameworksBuildPhase;
			buildActionMask = 2147483647;
			files = (
			);
			runOnlyForDeploymentPostprocessing = 0;
		};
/* End PBXFrameworksBuildPhase section */

/* Begin PBXGroup section */
		74C197F42653011B000DB795 = {
			isa = PBXGroup;
			children = (
				74C197FF2653011B000DB795 /* Calculator */,
				74C197FE2653011B000DB795 /* Products */,
			);
			sourceTree = "<group>";
		};
		74C197FE2653011B000DB795 /* Products */ = {
			isa = PBXGroup;
			children = (
				74C197FD2653011B000DB795 /* Calculator.app */,
			);
			name = Products;
			sourceTree = "<group>";
		};
		74C197FF2653011B000DB795 /* Calculator */ = {
			isa = PBXGroup;
			children = (
				74C1981C26530164000DB795 /* Controllers */,
				74C198192653014C000DB795 /* Views */,
				74C1981726530133000DB795 /* Helpers+Exts */,
				74C198152653012A000DB795 /* Resources */,
			);
			path = Calculator;
			sourceTree = "<group>";
		};
		74C198152653012A000DB795 /* Resources */ = {
			isa = PBXGroup;
			children = (
				74C198002653011B000DB795 /* AppDelegate.swift */,
				74C198022653011B000DB795 /* SceneDelegate.swift */,
				74C198092653011C000DB795 /* Assets.xcassets */,
				74C1980B2653011C000DB795 /* LaunchScreen.storyboard */,
				74C1980E2653011C000DB795 /* Info.plist */,
			);
			path = Resources;
			sourceTree = "<group>";
		};
		74C1981726530133000DB795 /* Helpers+Exts */ = {
			isa = PBXGroup;
			children = (
			);
			path = "Helpers+Exts";
			sourceTree = "<group>";
		};
		74C198192653014C000DB795 /* Views */ = {
			isa = PBXGroup;
			children = (
				74C1981B2653015B000DB795 /* Storyboards */,
				74C1981A26530152000DB795 /* CustomViews */,
			);
			path = Views;
			sourceTree = "<group>";
		};
		74C1981A26530152000DB795 /* CustomViews */ = {
			isa = PBXGroup;
			children = (
				74C198242653063E000DB795 /* Buttons */,
				74C1982D265307E3000DB795 /* StyleGuide.swift */,
			);
			path = CustomViews;
			sourceTree = "<group>";
		};
		74C1981B2653015B000DB795 /* Storyboards */ = {
			isa = PBXGroup;
			children = (
				74C198062653011B000DB795 /* Main.storyboard */,
			);
			path = Storyboards;
			sourceTree = "<group>";
		};
		74C1981C26530164000DB795 /* Controllers */ = {
			isa = PBXGroup;
			children = (
				74C1981E26530177000DB795 /* ViewControllers */,
			);
			path = Controllers;
			sourceTree = "<group>";
		};
		74C1981E26530177000DB795 /* ViewControllers */ = {
			isa = PBXGroup;
			children = (
				74C1982126530280000DB795 /* CalculatorViewController.swift */,
			);
			path = ViewControllers;
			sourceTree = "<group>";
		};
		74C198242653063E000DB795 /* Buttons */ = {
			isa = PBXGroup;
			children = (
				74C1982526530659000DB795 /* TipButton.swift */,
			);
			path = Buttons;
			sourceTree = "<group>";
		};
/* End PBXGroup section */

/* Begin PBXNativeTarget section */
		74C197FC2653011B000DB795 /* Calculator */ = {
			isa = PBXNativeTarget;
			buildConfigurationList = 74C198112653011C000DB795 /* Build configuration list for PBXNativeTarget "Calculator" */;
			buildPhases = (
				74C197F92653011B000DB795 /* Sources */,
				74C197FA2653011B000DB795 /* Frameworks */,
				74C197FB2653011B000DB795 /* Resources */,
			);
			buildRules = (
			);
			dependencies = (
			);
			name = Calculator;
			productName = Calculator;
			productReference = 74C197FD2653011B000DB795 /* Calculator.app */;
			productType = "com.apple.product-type.application";
		};
/* End PBXNativeTarget section */

/* Begin PBXProject section */
		74C197F52653011B000DB795 /* Project object */ = {
			isa = PBXProject;
			attributes = {
				LastSwiftUpdateCheck = 1240;
				LastUpgradeCheck = 1240;
				TargetAttributes = {
					74C197FC2653011B000DB795 = {
						CreatedOnToolsVersion = 12.4;
					};
				};
			};
			buildConfigurationList = 74C197F82653011B000DB795 /* Build configuration list for PBXProject "Calculator" */;
			compatibilityVersion = "Xcode 9.3";
			developmentRegion = en;
			hasScannedForEncodings = 0;
			knownRegions = (
				en,
				Base,
			);
			mainGroup = 74C197F42653011B000DB795;
			productRefGroup = 74C197FE2653011B000DB795 /* Products */;
			projectDirPath = "";
			projectRoot = "";
			targets = (
				74C197FC2653011B000DB795 /* Calculator */,
			);
		};
/* End PBXProject section */

/* Begin PBXResourcesBuildPhase section */
		74C197FB2653011B000DB795 /* Resources */ = {
			isa = PBXResourcesBuildPhase;
			buildActionMask = 2147483647;
			files = (
				74C1980D2653011C000DB795 /* LaunchScreen.storyboard in Resources */,
				74C1980A2653011C000DB795 /* Assets.xcassets in Resources */,
				74C198082653011B000DB795 /* Main.storyboard in Resources */,
			);
			runOnlyForDeploymentPostprocessing = 0;
		};
/* End PBXResourcesBuildPhase section */

/* Begin PBXSourcesBuildPhase section */
		74C197F92653011B000DB795 /* Sources */ = {
			isa = PBXSourcesBuildPhase;
			buildActionMask = 2147483647;
			files = (
				74C198012653011B000DB795 /* AppDelegate.swift in Sources */,
				74C1982226530280000DB795 /* CalculatorViewController.swift in Sources */,
				74C1982E265307E3000DB795 /* StyleGuide.swift in Sources */,
				74C198032653011B000DB795 /* SceneDelegate.swift in Sources */,
				74C1982626530659000DB795 /* TipButton.swift in Sources */,
			);
			runOnlyForDeploymentPostprocessing = 0;
		};
/* End PBXSourcesBuildPhase section */

/* Begin PBXVariantGroup section */
		74C198062653011B000DB795 /* Main.storyboard */ = {
			isa = PBXVariantGroup;
			children = (
				74C198072653011B000DB795 /* Base */,
			);
			name = Main.storyboard;
			sourceTree = "<group>";
		};
		74C1980B2653011C000DB795 /* LaunchScreen.storyboard */ = {
			isa = PBXVariantGroup;
			children = (
				74C1980C2653011C000DB795 /* Base */,
			);
			name = LaunchScreen.storyboard;
			sourceTree = "<group>";
		};
/* End PBXVariantGroup section */

/* Begin XCBuildConfiguration section */
		74C1980F2653011C000DB795 /* Debug */ = {
			isa = XCBuildConfiguration;
			buildSettings = {
				ALWAYS_SEARCH_USER_PATHS = NO;
				CLANG_ANALYZER_NONNULL = YES;
				CLANG_ANALYZER_NUMBER_OBJECT_CONVERSION = YES_AGGRESSIVE;
				CLANG_CXX_LANGUAGE_STANDARD = "gnu++14";
				CLANG_CXX_LIBRARY = "libc++";
				CLANG_ENABLE_MODULES = YES;
				CLANG_ENABLE_OBJC_ARC = YES;
				CLANG_ENABLE_OBJC_WEAK = YES;
				CLANG_WARN_BLOCK_CAPTURE_AUTORELEASING = YES;
				CLANG_WARN_BOOL_CONVERSION = YES;
				CLANG_WARN_COMMA = YES;
				CLANG_WARN_CONSTANT_CONVERSION = YES;
				CLANG_WARN_DEPRECATED_OBJC_IMPLEMENTATIONS = YES;
				CLANG_WARN_DIRECT_OBJC_ISA_USAGE = YES_ERROR;
				CLANG_WARN_DOCUMENTATION_COMMENTS = YES;
				CLANG_WARN_EMPTY_BODY = YES;
				CLANG_WARN_ENUM_CONVERSION = YES;
				CLANG_WARN_INFINITE_RECURSION = YES;
				CLANG_WARN_INT_CONVERSION = YES;
				CLANG_WARN_NON_LITERAL_NULL_CONVERSION = YES;
				CLANG_WARN_OBJC_IMPLICIT_RETAIN_SELF = YES;
				CLANG_WARN_OBJC_LITERAL_CONVERSION = YES;
				CLANG_WARN_OBJC_ROOT_CLASS = YES_ERROR;
				CLANG_WARN_QUOTED_INCLUDE_IN_FRAMEWORK_HEADER = YES;
				CLANG_WARN_RANGE_LOOP_ANALYSIS = YES;
				CLANG_WARN_STRICT_PROTOTYPES = YES;
				CLANG_WARN_SUSPICIOUS_MOVE = YES;
				CLANG_WARN_UNGUARDED_AVAILABILITY = YES_AGGRESSIVE;
				CLANG_WARN_UNREACHABLE_CODE = YES;
				CLANG_WARN__DUPLICATE_METHOD_MATCH = YES;
				COPY_PHASE_STRIP = NO;
				DEBUG_INFORMATION_FORMAT = dwarf;
				ENABLE_STRICT_OBJC_MSGSEND = YES;
				ENABLE_TESTABILITY = YES;
				GCC_C_LANGUAGE_STANDARD = gnu11;
				GCC_DYNAMIC_NO_PIC = NO;
				GCC_NO_COMMON_BLOCKS = YES;
				GCC_OPTIMIZATION_LEVEL = 0;
				GCC_PREPROCESSOR_DEFINITIONS = (
					"DEBUG=1",
					"$(inherited)",
				);
				GCC_WARN_64_TO_32_BIT_CONVERSION = YES;
				GCC_WARN_ABOUT_RETURN_TYPE = YES_ERROR;
				GCC_WARN_UNDECLARED_SELECTOR = YES;
				GCC_WARN_UNINITIALIZED_AUTOS = YES_AGGRESSIVE;
				GCC_WARN_UNUSED_FUNCTION = YES;
				GCC_WARN_UNUSED_VARIABLE = YES;
				IPHONEOS_DEPLOYMENT_TARGET = 14.4;
				MTL_ENABLE_DEBUG_INFO = INCLUDE_SOURCE;
				MTL_FAST_MATH = YES;
				ONLY_ACTIVE_ARCH = YES;
				SDKROOT = iphoneos;
				SWIFT_ACTIVE_COMPILATION_CONDITIONS = DEBUG;
				SWIFT_OPTIMIZATION_LEVEL = "-Onone";
			};
			name = Debug;
		};
		74C198102653011C000DB795 /* Release */ = {
			isa = XCBuildConfiguration;
			buildSettings = {
				ALWAYS_SEARCH_USER_PATHS = NO;
				CLANG_ANALYZER_NONNULL = YES;
				CLANG_ANALYZER_NUMBER_OBJECT_CONVERSION = YES_AGGRESSIVE;
				CLANG_CXX_LANGUAGE_STANDARD = "gnu++14";
				CLANG_CXX_LIBRARY = "libc++";
				CLANG_ENABLE_MODULES = YES;
				CLANG_ENABLE_OBJC_ARC = YES;
				CLANG_ENABLE_OBJC_WEAK = YES;
				CLANG_WARN_BLOCK_CAPTURE_AUTORELEASING = YES;
				CLANG_WARN_BOOL_CONVERSION = YES;
				CLANG_WARN_COMMA = YES;
				CLANG_WARN_CONSTANT_CONVERSION = YES;
				CLANG_WARN_DEPRECATED_OBJC_IMPLEMENTATIONS = YES;
				CLANG_WARN_DIRECT_OBJC_ISA_USAGE = YES_ERROR;
				CLANG_WARN_DOCUMENTATION_COMMENTS = YES;
				CLANG_WARN_EMPTY_BODY = YES;
				CLANG_WARN_ENUM_CONVERSION = YES;
				CLANG_WARN_INFINITE_RECURSION = YES;
				CLANG_WARN_INT_CONVERSION = YES;
				CLANG_WARN_NON_LITERAL_NULL_CONVERSION = YES;
				CLANG_WARN_OBJC_IMPLICIT_RETAIN_SELF = YES;
				CLANG_WARN_OBJC_LITERAL_CONVERSION = YES;
				CLANG_WARN_OBJC_ROOT_CLASS = YES_ERROR;
				CLANG_WARN_QUOTED_INCLUDE_IN_FRAMEWORK_HEADER = YES;
				CLANG_WARN_RANGE_LOOP_ANALYSIS = YES;
				CLANG_WARN_STRICT_PROTOTYPES = YES;
				CLANG_WARN_SUSPICIOUS_MOVE = YES;
				CLANG_WARN_UNGUARDED_AVAILABILITY = YES_AGGRESSIVE;
				CLANG_WARN_UNREACHABLE_CODE = YES;
				CLANG_WARN__DUPLICATE_METHOD_MATCH = YES;
				COPY_PHASE_STRIP = NO;
				DEBUG_INFORMATION_FORMAT = "dwarf-with-dsym";
				ENABLE_NS_ASSERTIONS = NO;
				ENABLE_STRICT_OBJC_MSGSEND = YES;
				GCC_C_LANGUAGE_STANDARD = gnu11;
				GCC_NO_COMMON_BLOCKS = YES;
				GCC_WARN_64_TO_32_BIT_CONVERSION = YES;
				GCC_WARN_ABOUT_RETURN_TYPE = YES_ERROR;
				GCC_WARN_UNDECLARED_SELECTOR = YES;
				GCC_WARN_UNINITIALIZED_AUTOS = YES_AGGRESSIVE;
				GCC_WARN_UNUSED_FUNCTION = YES;
				GCC_WARN_UNUSED_VARIABLE = YES;
				IPHONEOS_DEPLOYMENT_TARGET = 14.4;
				MTL_ENABLE_DEBUG_INFO = NO;
				MTL_FAST_MATH = YES;
				SDKROOT = iphoneos;
				SWIFT_COMPILATION_MODE = wholemodule;
				SWIFT_OPTIMIZATION_LEVEL = "-O";
				VALIDATE_PRODUCT = YES;
			};
			name = Release;
		};
		74C198122653011C000DB795 /* Debug */ = {
			isa = XCBuildConfiguration;
			buildSettings = {
				ASSETCATALOG_COMPILER_APPICON_NAME = AppIcon;
				ASSETCATALOG_COMPILER_GLOBAL_ACCENT_COLOR_NAME = AccentColor;
				CODE_SIGN_STYLE = Automatic;
				DEVELOPMENT_TEAM = J655FM79L8;
				INFOPLIST_FILE = Calculator/Resources/Info.plist;
				LD_RUNPATH_SEARCH_PATHS = (
					"$(inherited)",
					"@executable_path/Frameworks",
				);
				PRODUCT_BUNDLE_IDENTIFIER = "com.-Calculator.Calculator";
				PRODUCT_NAME = "$(TARGET_NAME)";
				SWIFT_VERSION = 5.0;
				TARGETED_DEVICE_FAMILY = "1,2";
			};
			name = Debug;
		};
		74C198132653011C000DB795 /* Release */ = {
			isa = XCBuildConfiguration;
			buildSettings = {
				ASSETCATALOG_COMPILER_APPICON_NAME = AppIcon;
				ASSETCATALOG_COMPILER_GLOBAL_ACCENT_COLOR_NAME = AccentColor;
				CODE_SIGN_STYLE = Automatic;
				DEVELOPMENT_TEAM = J655FM79L8;
				INFOPLIST_FILE = Calculator/Resources/Info.plist;
				LD_RUNPATH_SEARCH_PATHS = (
					"$(inherited)",
					"@executable_path/Frameworks",
				);
				PRODUCT_BUNDLE_IDENTIFIER = "com.-Calculator.Calculator";
				PRODUCT_NAME = "$(TARGET_NAME)";
				SWIFT_VERSION = 5.0;
				TARGETED_DEVICE_FAMILY = "1,2";
			};
			name = Release;
		};
/* End XCBuildConfiguration section */

/* Begin XCConfigurationList section */
		74C197F82653011B000DB795 /* Build configuration list for PBXProject "Calculator" */ = {
			isa = XCConfigurationList;
			buildConfigurations = (
				74C1980F2653011C000DB795 /* Debug */,
				74C198102653011C000DB795 /* Release */,
			);
			defaultConfigurationIsVisible = 0;
			defaultConfigurationName = Release;
		};
		74C198112653011C000DB795 /* Build configuration list for PBXNativeTarget "Calculator" */ = {
			isa = XCConfigurationList;
			buildConfigurations = (
				74C198122653011C000DB795 /* Debug */,
				74C198132653011C000DB795 /* Release */,
			);
			defaultConfigurationIsVisible = 0;
			defaultConfigurationName = Release;
		};
/* End XCConfigurationList section */
	};
	rootObject = 74C197F52653011B000DB795 /* Project object */;
}
